// !$*UTF8*$!
{
	archiveVersion = 1;
	classes = {
	};
	objectVersion = 46;
	objects = {

/* Begin PBXBuildFile section */
		7CC771451ECEDBCC00FC4588 /* AppDelegate.swift in Sources */ = {isa = PBXBuildFile; fileRef = 7CC771441ECEDBCC00FC4588 /* AppDelegate.swift */; };
		7CC771471ECEDBCC00FC4588 /* ViewController.swift in Sources */ = {isa = PBXBuildFile; fileRef = 7CC771461ECEDBCC00FC4588 /* ViewController.swift */; };
		7CC7714A1ECEDBCC00FC4588 /* Main.storyboard in Resources */ = {isa = PBXBuildFile; fileRef = 7CC771481ECEDBCC00FC4588 /* Main.storyboard */; };
		7CC7714C1ECEDBCC00FC4588 /* Assets.xcassets in Resources */ = {isa = PBXBuildFile; fileRef = 7CC7714B1ECEDBCC00FC4588 /* Assets.xcassets */; };
		7CC7714F1ECEDBCC00FC4588 /* LaunchScreen.storyboard in Resources */ = {isa = PBXBuildFile; fileRef = 7CC7714D1ECEDBCC00FC4588 /* LaunchScreen.storyboard */; };
		7CC771571ECEE9CF00FC4588 /* lottiepreview_qr.json in Resources */ = {isa = PBXBuildFile; fileRef = 7CC771561ECEE9CF00FC4588 /* lottiepreview_qr.json */; };
		7CC771591ECEED9700FC4588 /* day_night_cycle.json in Resources */ = {isa = PBXBuildFile; fileRef = 7CC771581ECEED9700FC4588 /* day_night_cycle.json */; };
		BA8BC33008B72220387F1938 /* Pods_LottieDemo.framework in Frameworks */ = {isa = PBXBuildFile; fileRef = 951C0BA2635E08E8F36B23C3 /* Pods_LottieDemo.framework */; };
/* End PBXBuildFile section */

/* Begin PBXFileReference section */
		2BF3144D0DDF143A138662A1 /* Pods-LottieDemo.release.xcconfig */ = {isa = PBXFileReference; includeInIndex = 1; lastKnownFileType = text.xcconfig; name = "Pods-LottieDemo.release.xcconfig"; path = "Pods/Target Support Files/Pods-LottieDemo/Pods-LottieDemo.release.xcconfig"; sourceTree = "<group>"; };
		7CC771411ECEDBCC00FC4588 /* LottieDemo.app */ = {isa = PBXFileReference; explicitFileType = wrapper.application; includeInIndex = 0; path = LottieDemo.app; sourceTree = BUILT_PRODUCTS_DIR; };
		7CC771441ECEDBCC00FC4588 /* AppDelegate.swift */ = {isa = PBXFileReference; lastKnownFileType = sourcecode.swift; path = AppDelegate.swift; sourceTree = "<group>"; };
		7CC771461ECEDBCC00FC4588 /* ViewController.swift */ = {isa = PBXFileReference; lastKnownFileType = sourcecode.swift; path = ViewController.swift; sourceTree = "<group>"; };
		7CC771491ECEDBCC00FC4588 /* Base */ = {isa = PBXFileReference; lastKnownFileType = file.storyboard; name = Base; path = Base.lproj/Main.storyboard; sourceTree = "<group>"; };
		7CC7714B1ECEDBCC00FC4588 /* Assets.xcassets */ = {isa = PBXFileReference; lastKnownFileType = folder.assetcatalog; path = Assets.xcassets; sourceTree = "<group>"; };
		7CC7714E1ECEDBCC00FC4588 /* Base */ = {isa = PBXFileReference; lastKnownFileType = file.storyboard; name = Base; path = Base.lproj/LaunchScreen.storyboard; sourceTree = "<group>"; };
		7CC771501ECEDBCC00FC4588 /* Info.plist */ = {isa = PBXFileReference; lastKnownFileType = text.plist.xml; path = Info.plist; sourceTree = "<group>"; };
		7CC771561ECEE9CF00FC4588 /* lottiepreview_qr.json */ = {isa = PBXFileReference; fileEncoding = 4; lastKnownFileType = text.json; path = lottiepreview_qr.json; sourceTree = "<group>"; };
		7CC771581ECEED9700FC4588 /* day_night_cycle.json */ = {isa = PBXFileReference; fileEncoding = 4; lastKnownFileType = text.json; path = day_night_cycle.json; sourceTree = "<group>"; };
		951C0BA2635E08E8F36B23C3 /* Pods_LottieDemo.framework */ = {isa = PBXFileReference; explicitFileType = wrapper.framework; includeInIndex = 0; path = Pods_LottieDemo.framework; sourceTree = BUILT_PRODUCTS_DIR; };
		FB230EF56AFB58D21DF65CBD /* Pods-LottieDemo.debug.xcconfig */ = {isa = PBXFileReference; includeInIndex = 1; lastKnownFileType = text.xcconfig; name = "Pods-LottieDemo.debug.xcconfig"; path = "Pods/Target Support Files/Pods-LottieDemo/Pods-LottieDemo.debug.xcconfig"; sourceTree = "<group>"; };
/* End PBXFileReference section */

/* Begin PBXFrameworksBuildPhase section */
		7CC7713E1ECEDBCC00FC4588 /* Frameworks */ = {
			isa = PBXFrameworksBuildPhase;
			buildActionMask = 2147483647;
			files = (
				BA8BC33008B72220387F1938 /* Pods_LottieDemo.framework in Frameworks */,
			);
			runOnlyForDeploymentPostprocessing = 0;
		};
/* End PBXFrameworksBuildPhase section */

/* Begin PBXGroup section */
		512C7174A2D217A9B1A92135 /* Frameworks */ = {
			isa = PBXGroup;
			children = (
				951C0BA2635E08E8F36B23C3 /* Pods_LottieDemo.framework */,
			);
			name = Frameworks;
			sourceTree = "<group>";
		};
		7CC771381ECEDBCC00FC4588 = {
			isa = PBXGroup;
			children = (
				7CC771431ECEDBCC00FC4588 /* LottieDemo */,
				7CC771421ECEDBCC00FC4588 /* Products */,
				B327B1C7B19ACA323E4FCFFD /* Pods */,
				512C7174A2D217A9B1A92135 /* Frameworks */,
			);
			sourceTree = "<group>";
		};
		7CC771421ECEDBCC00FC4588 /* Products */ = {
			isa = PBXGroup;
			children = (
				7CC771411ECEDBCC00FC4588 /* LottieDemo.app */,
			);
			name = Products;
			sourceTree = "<group>";
		};
		7CC771431ECEDBCC00FC4588 /* LottieDemo */ = {
			isa = PBXGroup;
			children = (
				7CC771561ECEE9CF00FC4588 /* lottiepreview_qr.json */,
				7CC771581ECEED9700FC4588 /* day_night_cycle.json */,
				7CC771441ECEDBCC00FC4588 /* AppDelegate.swift */,
				7CC771461ECEDBCC00FC4588 /* ViewController.swift */,
				7CC771481ECEDBCC00FC4588 /* Main.storyboard */,
				7CC7714B1ECEDBCC00FC4588 /* Assets.xcassets */,
				7CC7714D1ECEDBCC00FC4588 /* LaunchScreen.storyboard */,
				7CC771501ECEDBCC00FC4588 /* Info.plist */,
			);
			path = LottieDemo;
			sourceTree = "<group>";
		};
		B327B1C7B19ACA323E4FCFFD /* Pods */ = {
			isa = PBXGroup;
			children = (
				FB230EF56AFB58D21DF65CBD /* Pods-LottieDemo.debug.xcconfig */,
				2BF3144D0DDF143A138662A1 /* Pods-LottieDemo.release.xcconfig */,
			);
			name = Pods;
			sourceTree = "<group>";
		};
/* End PBXGroup section */

/* Begin PBXNativeTarget section */
		7CC771401ECEDBCC00FC4588 /* LottieDemo */ = {
			isa = PBXNativeTarget;
			buildConfigurationList = 7CC771531ECEDBCC00FC4588 /* Build configuration list for PBXNativeTarget "LottieDemo" */;
			buildPhases = (
				1DC4F105A72C0C14BA8936DF /* [CP] Check Pods Manifest.lock */,
				7CC7713D1ECEDBCC00FC4588 /* Sources */,
				7CC7713E1ECEDBCC00FC4588 /* Frameworks */,
				7CC7713F1ECEDBCC00FC4588 /* Resources */,
				F79A75460333146BD1BEC4D6 /* [CP] Embed Pods Frameworks */,
				59E780C24F62E47A1D6876CE /* [CP] Copy Pods Resources */,
			);
			buildRules = (
			);
			dependencies = (
			);
			name = LottieDemo;
			productName = LottieDemo;
			productReference = 7CC771411ECEDBCC00FC4588 /* LottieDemo.app */;
			productType = "com.apple.product-type.application";
		};
/* End PBXNativeTarget section */

/* Begin PBXProject section */
		7CC771391ECEDBCC00FC4588 /* Project object */ = {
			isa = PBXProject;
			attributes = {
				LastSwiftUpdateCheck = 0830;
				LastUpgradeCheck = 0830;
				ORGANIZATIONNAME = "Yuhsuan Lin";
				TargetAttributes = {
					7CC771401ECEDBCC00FC4588 = {
						CreatedOnToolsVersion = 8.3.2;
						DevelopmentTeam = 4QX528523R;
						ProvisioningStyle = Automatic;
					};
				};
			};
			buildConfigurationList = 7CC7713C1ECEDBCC00FC4588 /* Build configuration list for PBXProject "LottieDemo" */;
			compatibilityVersion = "Xcode 3.2";
			developmentRegion = English;
			hasScannedForEncodings = 0;
			knownRegions = (
				en,
				Base,
			);
			mainGroup = 7CC771381ECEDBCC00FC4588;
			productRefGroup = 7CC771421ECEDBCC00FC4588 /* Products */;
			projectDirPath = "";
			projectRoot = "";
			targets = (
				7CC771401ECEDBCC00FC4588 /* LottieDemo */,
			);
		};
/* End PBXProject section */

/* Begin PBXResourcesBuildPhase section */
		7CC7713F1ECEDBCC00FC4588 /* Resources */ = {
			isa = PBXResourcesBuildPhase;
			buildActionMask = 2147483647;
			files = (
				7CC7714F1ECEDBCC00FC4588 /* LaunchScreen.storyboard in Resources */,
				7CC7714C1ECEDBCC00FC4588 /* Assets.xcassets in Resources */,
				7CC771571ECEE9CF00FC4588 /* lottiepreview_qr.json in Resources */,
				7CC7714A1ECEDBCC00FC4588 /* Main.storyboard in Resources */,
				7CC771591ECEED9700FC4588 /* day_night_cycle.json in Resources */,
			);
			runOnlyForDeploymentPostprocessing = 0;
		};
/* End PBXResourcesBuildPhase section */

/* Begin PBXShellScriptBuildPhase section */
		1DC4F105A72C0C14BA8936DF /* [CP] Check Pods Manifest.lock */ = {
			isa = PBXShellScriptBuildPhase;
			buildActionMask = 2147483647;
			files = (
			);
			inputPaths = (
			);
			name = "[CP] Check Pods Manifest.lock";
			outputPaths = (
			);
			runOnlyForDeploymentPostprocessing = 0;
			shellPath = /bin/sh;
			shellScript = "diff \"${PODS_PODFILE_DIR_PATH}/Podfile.lock\" \"${PODS_ROOT}/Manifest.lock\" > /dev/null\nif [ $? != 0 ] ; then\n    # print error to STDERR\n    echo \"error: The sandbox is not in sync with the Podfile.lock. Run 'pod install' or update your CocoaPods installation.\" >&2\n    exit 1\nfi\n";
			showEnvVarsInLog = 0;
		};
		59E780C24F62E47A1D6876CE /* [CP] Copy Pods Resources */ = {
			isa = PBXShellScriptBuildPhase;
			buildActionMask = 2147483647;
			files = (
			);
			inputPaths = (
			);
			name = "[CP] Copy Pods Resources";
			outputPaths = (
			);
			runOnlyForDeploymentPostprocessing = 0;
			shellPath = /bin/sh;
			shellScript = "\"${SRCROOT}/Pods/Target Support Files/Pods-LottieDemo/Pods-LottieDemo-resources.sh\"\n";
			showEnvVarsInLog = 0;
		};
		F79A75460333146BD1BEC4D6 /* [CP] Embed Pods Frameworks */ = {
			isa = PBXShellScriptBuildPhase;
			buildActionMask = 2147483647;
			files = (
			);
			inputPaths = (
			);
			name = "[CP] Embed Pods Frameworks";
			outputPaths = (
			);
			runOnlyForDeploymentPostprocessing = 0;
			shellPath = /bin/sh;
			shellScript = "\"${SRCROOT}/Pods/Target Support Files/Pods-LottieDemo/Pods-LottieDemo-frameworks.sh\"\n";
			showEnvVarsInLog = 0;
		};
/* End PBXShellScriptBuildPhase section */

/* Begin PBXSourcesBuildPhase section */
		7CC7713D1ECEDBCC00FC4588 /* Sources */ = {
			isa = PBXSourcesBuildPhase;
			buildActionMask = 2147483647;
			files = (
				7CC771471ECEDBCC00FC4588 /* ViewController.swift in Sources */,
				7CC771451ECEDBCC00FC4588 /* AppDelegate.swift in Sources */,
			);
			runOnlyForDeploymentPostprocessing = 0;
		};
/* End PBXSourcesBuildPhase section */

/* Begin PBXVariantGroup section */
		7CC771481ECEDBCC00FC4588 /* Main.storyboard */ = {
			isa = PBXVariantGroup;
			children = (
				7CC771491ECEDBCC00FC4588 /* Base */,
			);
			name = Main.storyboard;
			sourceTree = "<group>";
		};
		7CC7714D1ECEDBCC00FC4588 /* LaunchScreen.storyboard */ = {
			isa = PBXVariantGroup;
			children = (
				7CC7714E1ECEDBCC00FC4588 /* Base */,
			);
			name = LaunchScreen.storyboard;
			sourceTree = "<group>";
		};
/* End PBXVariantGroup section */

/* Begin XCBuildConfiguration section */
		7CC771511ECEDBCC00FC4588 /* Debug */ = {
			isa = XCBuildConfiguration;
			buildSettings = {
				ALWAYS_SEARCH_USER_PATHS = NO;
				CLANG_ANALYZER_NONNULL = YES;
				CLANG_ANALYZER_NUMBER_OBJECT_CONVERSION = YES_AGGRESSIVE;
				CLANG_CXX_LANGUAGE_STANDARD = "gnu++0x";
				CLANG_CXX_LIBRARY = "libc++";
				CLANG_ENABLE_MODULES = YES;
				CLANG_ENABLE_OBJC_ARC = YES;
				CLANG_WARN_BOOL_CONVERSION = YES;
				CLANG_WARN_CONSTANT_CONVERSION = YES;
				CLANG_WARN_DIRECT_OBJC_ISA_USAGE = YES_ERROR;
				CLANG_WARN_DOCUMENTATION_COMMENTS = YES;
				CLANG_WARN_EMPTY_BODY = YES;
				CLANG_WARN_ENUM_CONVERSION = YES;
				CLANG_WARN_INFINITE_RECURSION = YES;
				CLANG_WARN_INT_CONVERSION = YES;
				CLANG_WARN_OBJC_ROOT_CLASS = YES_ERROR;
				CLANG_WARN_SUSPICIOUS_MOVE = YES;
				CLANG_WARN_UNREACHABLE_CODE = YES;
				CLANG_WARN__DUPLICATE_METHOD_MATCH = YES;
				"CODE_SIGN_IDENTITY[sdk=iphoneos*]" = "iPhone Developer";
				COPY_PHASE_STRIP = NO;
				DEBUG_INFORMATION_FORMAT = dwarf;
				ENABLE_STRICT_OBJC_MSGSEND = YES;
				ENABLE_TESTABILITY = YES;
				GCC_C_LANGUAGE_STANDARD = gnu99;
				GCC_DYNAMIC_NO_PIC = NO;
				GCC_NO_COMMON_BLOCKS = YES;
				GCC_OPTIMIZATION_LEVEL = 0;
				GCC_PREPROCESSOR_DEFINITIONS = (
					"DEBUG=1",
					"$(inherited)",
				);
				GCC_WARN_64_TO_32_BIT_CONVERSION = YES;
				GCC_WARN_ABOUT_RETURN_TYPE = YES_ERROR;
				GCC_WARN_UNDECLARED_SELECTOR = YES;
				GCC_WARN_UNINITIALIZED_AUTOS = YES_AGGRESSIVE;
				GCC_WARN_UNUSED_FUNCTION = YES;
				GCC_WARN_UNUSED_VARIABLE = YES;
				IPHONEOS_DEPLOYMENT_TARGET = 10.3;
				MTL_ENABLE_DEBUG_INFO = YES;
				ONLY_ACTIVE_ARCH = YES;
				SDKROOT = iphoneos;
				SWIFT_ACTIVE_COMPILATION_CONDITIONS = DEBUG;
				SWIFT_OPTIMIZATION_LEVEL = "-Onone";
				TARGETED_DEVICE_FAMILY = "1,2";
			};
			name = Debug;
		};
		7CC771521ECEDBCC00FC4588 /* Release */ = {
			isa = XCBuildConfiguration;
			buildSettings = {
				ALWAYS_SEARCH_USER_PATHS = NO;
				CLANG_ANALYZER_NONNULL = YES;
				CLANG_ANALYZER_NUMBER_OBJECT_CONVERSION = YES_AGGRESSIVE;
				CLANG_CXX_LANGUAGE_STANDARD = "gnu++0x";
				CLANG_CXX_LIBRARY = "libc++";
				CLANG_ENABLE_MODULES = YES;
				CLANG_ENABLE_OBJC_ARC = YES;
				CLANG_WARN_BOOL_CONVERSION = YES;
				CLANG_WARN_CONSTANT_CONVERSION = YES;
				CLANG_WARN_DIRECT_OBJC_ISA_USAGE = YES_ERROR;
				CLANG_WARN_DOCUMENTATION_COMMENTS = YES;
				CLANG_WARN_EMPTY_BODY = YES;
				CLANG_WARN_ENUM_CONVERSION = YES;
				CLANG_WARN_INFINITE_RECURSION = YES;
				CLANG_WARN_INT_CONVERSION = YES;
				CLANG_WARN_OBJC_ROOT_CLASS = YES_ERROR;
				CLANG_WARN_SUSPICIOUS_MOVE = YES;
				CLANG_WARN_UNREACHABLE_CODE = YES;
				CLANG_WARN__DUPLICATE_METHOD_MATCH = YES;
				"CODE_SIGN_IDENTITY[sdk=iphoneos*]" = "iPhone Developer";
				COPY_PHASE_STRIP = NO;
				DEBUG_INFORMATION_FORMAT = "dwarf-with-dsym";
				ENABLE_NS_ASSERTIONS = NO;
				ENABLE_STRICT_OBJC_MSGSEND = YES;
				GCC_C_LANGUAGE_STANDARD = gnu99;
				GCC_NO_COMMON_BLOCKS = YES;
				GCC_WARN_64_TO_32_BIT_CONVERSION = YES;
				GCC_WARN_ABOUT_RETURN_TYPE = YES_ERROR;
				GCC_WARN_UNDECLARED_SELECTOR = YES;
				GCC_WARN_UNINITIALIZED_AUTOS = YES_AGGRESSIVE;
				GCC_WARN_UNUSED_FUNCTION = YES;
				GCC_WARN_UNUSED_VARIABLE = YES;
				IPHONEOS_DEPLOYMENT_TARGET = 10.3;
				MTL_ENABLE_DEBUG_INFO = NO;
				SDKROOT = iphoneos;
				SWIFT_OPTIMIZATION_LEVEL = "-Owholemodule";
				TARGETED_DEVICE_FAMILY = "1,2";
				VALIDATE_PRODUCT = YES;
			};
			name = Release;
		};
		7CC771541ECEDBCC00FC4588 /* Debug */ = {
			isa = XCBuildConfiguration;
			baseConfigurationReference = FB230EF56AFB58D21DF65CBD /* Pods-LottieDemo.debug.xcconfig */;
			buildSettings = {
				ASSETCATALOG_COMPILER_APPICON_NAME = AppIcon;
				DEVELOPMENT_TEAM = 4QX528523R;
				INFOPLIST_FILE = LottieDemo/Info.plist;
				LD_RUNPATH_SEARCH_PATHS = "$(inherited) @executable_path/Frameworks";
				PRODUCT_BUNDLE_IDENTIFIER = com.cgua.LottieDemo;
				PRODUCT_NAME = "$(TARGET_NAME)";
				SWIFT_VERSION = 3.0;
			};
			name = Debug;
		};
		7CC771551ECEDBCC00FC4588 /* Release */ = {
			isa = XCBuildConfiguration;
			baseConfigurationReference = 2BF3144D0DDF143A138662A1 /* Pods-LottieDemo.release.xcconfig */;
			buildSettings = {
				ASSETCATALOG_COMPILER_APPICON_NAME = AppIcon;
				DEVELOPMENT_TEAM = 4QX528523R;
				INFOPLIST_FILE = LottieDemo/Info.plist;
				LD_RUNPATH_SEARCH_PATHS = "$(inherited) @executable_path/Frameworks";
				PRODUCT_BUNDLE_IDENTIFIER = com.cgua.LottieDemo;
				PRODUCT_NAME = "$(TARGET_NAME)";
				SWIFT_VERSION = 3.0;
			};
			name = Release;
		};
/* End XCBuildConfiguration section */

/* Begin XCConfigurationList section */
		7CC7713C1ECEDBCC00FC4588 /* Build configuration list for PBXProject "LottieDemo" */ = {
			isa = XCConfigurationList;
			buildConfigurations = (
				7CC771511ECEDBCC00FC4588 /* Debug */,
				7CC771521ECEDBCC00FC4588 /* Release */,
			);
			defaultConfigurationIsVisible = 0;
			defaultConfigurationName = Release;
		};
		7CC771531ECEDBCC00FC4588 /* Build configuration list for PBXNativeTarget "LottieDemo" */ = {
			isa = XCConfigurationList;
			buildConfigurations = (
				7CC771541ECEDBCC00FC4588 /* Debug */,
				7CC771551ECEDBCC00FC4588 /* Release */,
			);
			defaultConfigurationIsVisible = 0;
			defaultConfigurationName = Release;
		};
/* End XCConfigurationList section */
	};
	rootObject = 7CC771391ECEDBCC00FC4588 /* Project object */;
}
